// !$*UTF8*$!
{
	archiveVersion = 1;
	classes = {
	};
	objectVersion = 46;
	objects = {

/* Begin PBXBuildFile section */
		6C838B2B35B32DA42174B709 /* Pods.framework in Frameworks */ = {isa = PBXBuildFile; fileRef = 22E3C5282FEF24956A12A6AC /* Pods.framework */; settings = {ATTRIBUTES = (Weak, ); }; };
		CA22487E1AE4D7B700B62610 /* AppDelegate.swift in Sources */ = {isa = PBXBuildFile; fileRef = CA22487D1AE4D7B700B62610 /* AppDelegate.swift */; };
		CA2248851AE4D7B700B62610 /* Images.xcassets in Resources */ = {isa = PBXBuildFile; fileRef = CA2248841AE4D7B700B62610 /* Images.xcassets */; };
		CA2248941AE4D7B700B62610 /* RedditInboxTests.swift in Sources */ = {isa = PBXBuildFile; fileRef = CA2248931AE4D7B700B62610 /* RedditInboxTests.swift */; };
		CA22489E1AE4D7DD00B62610 /* Main.storyboard in Resources */ = {isa = PBXBuildFile; fileRef = CA22489D1AE4D7DD00B62610 /* Main.storyboard */; };
		CA2248A61AE4D84B00B62610 /* Handler.swift in Sources */ = {isa = PBXBuildFile; fileRef = CA22489F1AE4D84B00B62610 /* Handler.swift */; };
		CA2248A71AE4D84B00B62610 /* ri.png in Resources */ = {isa = PBXBuildFile; fileRef = CA2248A01AE4D84B00B62610 /* ri.png */; };
		CA2248A81AE4D84B00B62610 /* SettingsTableViewCell.swift in Sources */ = {isa = PBXBuildFile; fileRef = CA2248A11AE4D84B00B62610 /* SettingsTableViewCell.swift */; };
		CA2248A91AE4D84B00B62610 /* WebViewController.swift in Sources */ = {isa = PBXBuildFile; fileRef = CA2248A21AE4D84B00B62610 /* WebViewController.swift */; };
		CA2248AA1AE4D84B00B62610 /* RedditTableViewController.swift in Sources */ = {isa = PBXBuildFile; fileRef = CA2248A31AE4D84B00B62610 /* RedditTableViewController.swift */; };
		CA2248AB1AE4D84B00B62610 /* SettingsTableViewController.swift in Sources */ = {isa = PBXBuildFile; fileRef = CA2248A41AE4D84B00B62610 /* SettingsTableViewController.swift */; };
		CA2248AC1AE4D84B00B62610 /* UIRedditTableViewCell.swift in Sources */ = {isa = PBXBuildFile; fileRef = CA2248A51AE4D84B00B62610 /* UIRedditTableViewCell.swift */; };
		CA2248AE1AE4D99900B62610 /* LaunchScreen.xib in Resources */ = {isa = PBXBuildFile; fileRef = CA2248AD1AE4D99900B62610 /* LaunchScreen.xib */; };
/* End PBXBuildFile section */

/* Begin PBXContainerItemProxy section */
		CA22488E1AE4D7B700B62610 /* PBXContainerItemProxy */ = {
			isa = PBXContainerItemProxy;
			containerPortal = CA2248701AE4D7B700B62610 /* Project object */;
			proxyType = 1;
			remoteGlobalIDString = CA2248771AE4D7B700B62610;
			remoteInfo = RedditInbox;
		};
/* End PBXContainerItemProxy section */

/* Begin PBXFileReference section */
		22E3C5282FEF24956A12A6AC /* Pods.framework */ = {isa = PBXFileReference; explicitFileType = wrapper.framework; includeInIndex = 0; path = Pods.framework; sourceTree = BUILT_PRODUCTS_DIR; };
		CA2248781AE4D7B700B62610 /* RedditInbox.app */ = {isa = PBXFileReference; explicitFileType = wrapper.application; includeInIndex = 0; path = RedditInbox.app; sourceTree = BUILT_PRODUCTS_DIR; };
		CA22487C1AE4D7B700B62610 /* Info.plist */ = {isa = PBXFileReference; lastKnownFileType = text.plist.xml; path = Info.plist; sourceTree = "<group>"; };
		CA22487D1AE4D7B700B62610 /* AppDelegate.swift */ = {isa = PBXFileReference; lastKnownFileType = sourcecode.swift; path = AppDelegate.swift; sourceTree = "<group>"; };
		CA2248841AE4D7B700B62610 /* Images.xcassets */ = {isa = PBXFileReference; lastKnownFileType = folder.assetcatalog; path = Images.xcassets; sourceTree = "<group>"; };
		CA22488D1AE4D7B700B62610 /* RedditInboxTests.xctest */ = {isa = PBXFileReference; explicitFileType = wrapper.cfbundle; includeInIndex = 0; path = RedditInboxTests.xctest; sourceTree = BUILT_PRODUCTS_DIR; };
		CA2248921AE4D7B700B62610 /* Info.plist */ = {isa = PBXFileReference; lastKnownFileType = text.plist.xml; path = Info.plist; sourceTree = "<group>"; };
		CA2248931AE4D7B700B62610 /* RedditInboxTests.swift */ = {isa = PBXFileReference; lastKnownFileType = sourcecode.swift; path = RedditInboxTests.swift; sourceTree = "<group>"; };
		CA22489D1AE4D7DD00B62610 /* Main.storyboard */ = {isa = PBXFileReference; fileEncoding = 4; lastKnownFileType = file.storyboard; path = Main.storyboard; sourceTree = "<group>"; };
		CA22489F1AE4D84B00B62610 /* Handler.swift */ = {isa = PBXFileReference; fileEncoding = 4; lastKnownFileType = sourcecode.swift; path = Handler.swift; sourceTree = "<group>"; };
		CA2248A01AE4D84B00B62610 /* ri.png */ = {isa = PBXFileReference; lastKnownFileType = image.png; path = ri.png; sourceTree = "<group>"; };
		CA2248A11AE4D84B00B62610 /* SettingsTableViewCell.swift */ = {isa = PBXFileReference; fileEncoding = 4; lastKnownFileType = sourcecode.swift; path = SettingsTableViewCell.swift; sourceTree = "<group>"; };
		CA2248A21AE4D84B00B62610 /* WebViewController.swift */ = {isa = PBXFileReference; fileEncoding = 4; lastKnownFileType = sourcecode.swift; path = WebViewController.swift; sourceTree = "<group>"; };
		CA2248A31AE4D84B00B62610 /* RedditTableViewController.swift */ = {isa = PBXFileReference; fileEncoding = 4; lastKnownFileType = sourcecode.swift; path = RedditTableViewController.swift; sourceTree = "<group>"; };
		CA2248A41AE4D84B00B62610 /* SettingsTableViewController.swift */ = {isa = PBXFileReference; fileEncoding = 4; lastKnownFileType = sourcecode.swift; path = SettingsTableViewController.swift; sourceTree = "<group>"; };
		CA2248A51AE4D84B00B62610 /* UIRedditTableViewCell.swift */ = {isa = PBXFileReference; fileEncoding = 4; lastKnownFileType = sourcecode.swift; path = UIRedditTableViewCell.swift; sourceTree = "<group>"; };
		CA2248AD1AE4D99900B62610 /* LaunchScreen.xib */ = {isa = PBXFileReference; fileEncoding = 4; lastKnownFileType = file.xib; path = LaunchScreen.xib; sourceTree = "<group>"; };
		DA23C6F5ABA542E8FACC1CE6 /* Pods.debug.xcconfig */ = {isa = PBXFileReference; includeInIndex = 1; lastKnownFileType = text.xcconfig; name = Pods.debug.xcconfig; path = "Pods/Target Support Files/Pods/Pods.debug.xcconfig"; sourceTree = "<group>"; };
		DEC6C78C9A7FC2770A8FE546 /* Pods.release.xcconfig */ = {isa = PBXFileReference; includeInIndex = 1; lastKnownFileType = text.xcconfig; name = Pods.release.xcconfig; path = "Pods/Target Support Files/Pods/Pods.release.xcconfig"; sourceTree = "<group>"; };
/* End PBXFileReference section */

/* Begin PBXFrameworksBuildPhase section */
		CA2248751AE4D7B700B62610 /* Frameworks */ = {
			isa = PBXFrameworksBuildPhase;
			buildActionMask = 2147483647;
			files = (
				6C838B2B35B32DA42174B709 /* Pods.framework in Frameworks */,
			);
			runOnlyForDeploymentPostprocessing = 0;
		};
		CA22488A1AE4D7B700B62610 /* Frameworks */ = {
			isa = PBXFrameworksBuildPhase;
			buildActionMask = 2147483647;
			files = (
			);
			runOnlyForDeploymentPostprocessing = 0;
		};
/* End PBXFrameworksBuildPhase section */

/* Begin PBXGroup section */
		6F8D7812B0DB279FBAEAC651 /* Pods */ = {
			isa = PBXGroup;
			children = (
				DA23C6F5ABA542E8FACC1CE6 /* Pods.debug.xcconfig */,
				DEC6C78C9A7FC2770A8FE546 /* Pods.release.xcconfig */,
			);
			name = Pods;
			sourceTree = "<group>";
		};
		7F1FABE6C66ADE4B3DF186D6 /* Frameworks */ = {
			isa = PBXGroup;
			children = (
				22E3C5282FEF24956A12A6AC /* Pods.framework */,
			);
			name = Frameworks;
			sourceTree = "<group>";
		};
		CA22486F1AE4D7B700B62610 = {
			isa = PBXGroup;
			children = (
				CA22487A1AE4D7B700B62610 /* RedditInbox */,
				CA2248901AE4D7B700B62610 /* RedditInboxTests */,
				CA2248791AE4D7B700B62610 /* Products */,
				6F8D7812B0DB279FBAEAC651 /* Pods */,
				7F1FABE6C66ADE4B3DF186D6 /* Frameworks */,
			);
			sourceTree = "<group>";
		};
		CA2248791AE4D7B700B62610 /* Products */ = {
			isa = PBXGroup;
			children = (
				CA2248781AE4D7B700B62610 /* RedditInbox.app */,
				CA22488D1AE4D7B700B62610 /* RedditInboxTests.xctest */,
			);
			name = Products;
			sourceTree = "<group>";
		};
		CA22487A1AE4D7B700B62610 /* RedditInbox */ = {
			isa = PBXGroup;
			children = (
				CA22487D1AE4D7B700B62610 /* AppDelegate.swift */,
				CA2248841AE4D7B700B62610 /* Images.xcassets */,
				CA22489D1AE4D7DD00B62610 /* Main.storyboard */,
				CA22489F1AE4D84B00B62610 /* Handler.swift */,
				CA2248A01AE4D84B00B62610 /* ri.png */,
				CA2248A11AE4D84B00B62610 /* SettingsTableViewCell.swift */,
				CA2248AD1AE4D99900B62610 /* LaunchScreen.xib */,
				CA2248A21AE4D84B00B62610 /* WebViewController.swift */,
				CA2248A31AE4D84B00B62610 /* RedditTableViewController.swift */,
				CA2248A41AE4D84B00B62610 /* SettingsTableViewController.swift */,
				CA2248A51AE4D84B00B62610 /* UIRedditTableViewCell.swift */,
				CA22487B1AE4D7B700B62610 /* Supporting Files */,
			);
			path = RedditInbox;
			sourceTree = "<group>";
		};
		CA22487B1AE4D7B700B62610 /* Supporting Files */ = {
			isa = PBXGroup;
			children = (
				CA22487C1AE4D7B700B62610 /* Info.plist */,
			);
			name = "Supporting Files";
			sourceTree = "<group>";
		};
		CA2248901AE4D7B700B62610 /* RedditInboxTests */ = {
			isa = PBXGroup;
			children = (
				CA2248931AE4D7B700B62610 /* RedditInboxTests.swift */,
				CA2248911AE4D7B700B62610 /* Supporting Files */,
			);
			path = RedditInboxTests;
			sourceTree = "<group>";
		};
		CA2248911AE4D7B700B62610 /* Supporting Files */ = {
			isa = PBXGroup;
			children = (
				CA2248921AE4D7B700B62610 /* Info.plist */,
			);
			name = "Supporting Files";
			sourceTree = "<group>";
		};
/* End PBXGroup section */

/* Begin PBXNativeTarget section */
		CA2248771AE4D7B700B62610 /* RedditInbox */ = {
			isa = PBXNativeTarget;
			buildConfigurationList = CA2248971AE4D7B700B62610 /* Build configuration list for PBXNativeTarget "RedditInbox" */;
			buildPhases = (
				67788E2DA614CD56FF7BB154 /* Check Pods Manifest.lock */,
				CA2248741AE4D7B700B62610 /* Sources */,
				CA2248751AE4D7B700B62610 /* Frameworks */,
				CA2248761AE4D7B700B62610 /* Resources */,
				4F9B243AE060E632EF020076 /* Embed Pods Frameworks */,
				28F281BA1B157C5BA51DA0A3 /* Copy Pods Resources */,
			);
			buildRules = (
			);
			dependencies = (
			);
			name = RedditInbox;
			productName = RedditInbox;
			productReference = CA2248781AE4D7B700B62610 /* RedditInbox.app */;
			productType = "com.apple.product-type.application";
		};
		CA22488C1AE4D7B700B62610 /* RedditInboxTests */ = {
			isa = PBXNativeTarget;
			buildConfigurationList = CA22489A1AE4D7B700B62610 /* Build configuration list for PBXNativeTarget "RedditInboxTests" */;
			buildPhases = (
				CA2248891AE4D7B700B62610 /* Sources */,
				CA22488A1AE4D7B700B62610 /* Frameworks */,
				CA22488B1AE4D7B700B62610 /* Resources */,
			);
			buildRules = (
			);
			dependencies = (
				CA22488F1AE4D7B700B62610 /* PBXTargetDependency */,
			);
			name = RedditInboxTests;
			productName = RedditInboxTests;
			productReference = CA22488D1AE4D7B700B62610 /* RedditInboxTests.xctest */;
			productType = "com.apple.product-type.bundle.unit-test";
		};
/* End PBXNativeTarget section */

/* Begin PBXProject section */
		CA2248701AE4D7B700B62610 /* Project object */ = {
			isa = PBXProject;
			attributes = {
				LastUpgradeCheck = 0610;
				TargetAttributes = {
					CA2248771AE4D7B700B62610 = {
						CreatedOnToolsVersion = 6.1.1;
					};
					CA22488C1AE4D7B700B62610 = {
						CreatedOnToolsVersion = 6.1.1;
						TestTargetID = CA2248771AE4D7B700B62610;
					};
				};
			};
			buildConfigurationList = CA2248731AE4D7B700B62610 /* Build configuration list for PBXProject "RedditInbox" */;
			compatibilityVersion = "Xcode 3.2";
			developmentRegion = English;
			hasScannedForEncodings = 0;
			knownRegions = (
				en,
				Base,
			);
			mainGroup = CA22486F1AE4D7B700B62610;
			productRefGroup = CA2248791AE4D7B700B62610 /* Products */;
			projectDirPath = "";
			projectRoot = "";
			targets = (
				CA2248771AE4D7B700B62610 /* RedditInbox */,
				CA22488C1AE4D7B700B62610 /* RedditInboxTests */,
			);
		};
/* End PBXProject section */

/* Begin PBXResourcesBuildPhase section */
		CA2248761AE4D7B700B62610 /* Resources */ = {
			isa = PBXResourcesBuildPhase;
			buildActionMask = 2147483647;
			files = (
				CA2248AE1AE4D99900B62610 /* LaunchScreen.xib in Resources */,
				CA2248A71AE4D84B00B62610 /* ri.png in Resources */,
				CA22489E1AE4D7DD00B62610 /* Main.storyboard in Resources */,
				CA2248851AE4D7B700B62610 /* Images.xcassets in Resources */,
			);
			runOnlyForDeploymentPostprocessing = 0;
		};
		CA22488B1AE4D7B700B62610 /* Resources */ = {
			isa = PBXResourcesBuildPhase;
			buildActionMask = 2147483647;
			files = (
			);
			runOnlyForDeploymentPostprocessing = 0;
		};
/* End PBXResourcesBuildPhase section */

/* Begin PBXShellScriptBuildPhase section */
		28F281BA1B157C5BA51DA0A3 /* Copy Pods Resources */ = {
			isa = PBXShellScriptBuildPhase;
			buildActionMask = 2147483647;
			files = (
			);
			inputPaths = (
			);
			name = "Copy Pods Resources";
			outputPaths = (
			);
			runOnlyForDeploymentPostprocessing = 0;
			shellPath = /bin/sh;
			shellScript = "\"${SRCROOT}/Pods/Target Support Files/Pods/Pods-resources.sh\"\n";
			showEnvVarsInLog = 0;
		};
		4F9B243AE060E632EF020076 /* Embed Pods Frameworks */ = {
			isa = PBXShellScriptBuildPhase;
			buildActionMask = 2147483647;
			files = (
			);
			inputPaths = (
			);
			name = "Embed Pods Frameworks";
			outputPaths = (
			);
			runOnlyForDeploymentPostprocessing = 0;
			shellPath = /bin/sh;
			shellScript = "\"${SRCROOT}/Pods/Target Support Files/Pods/Pods-frameworks.sh\"\n";
			showEnvVarsInLog = 0;
		};
		67788E2DA614CD56FF7BB154 /* Check Pods Manifest.lock */ = {
			isa = PBXShellScriptBuildPhase;
			buildActionMask = 2147483647;
			files = (
			);
			inputPaths = (
			);
			name = "Check Pods Manifest.lock";
			outputPaths = (
			);
			runOnlyForDeploymentPostprocessing = 0;
			shellPath = /bin/sh;
			shellScript = "diff \"${PODS_ROOT}/../Podfile.lock\" \"${PODS_ROOT}/Manifest.lock\" > /dev/null\nif [[ $? != 0 ]] ; then\n    cat << EOM\nerror: The sandbox is not in sync with the Podfile.lock. Run 'pod install' or update your CocoaPods installation.\nEOM\n    exit 1\nfi\n";
			showEnvVarsInLog = 0;
		};
/* End PBXShellScriptBuildPhase section */

/* Begin PBXSourcesBuildPhase section */
		CA2248741AE4D7B700B62610 /* Sources */ = {
			isa = PBXSourcesBuildPhase;
			buildActionMask = 2147483647;
			files = (
				CA2248A61AE4D84B00B62610 /* Handler.swift in Sources */,
				CA2248A81AE4D84B00B62610 /* SettingsTableViewCell.swift in Sources */,
				CA2248AC1AE4D84B00B62610 /* UIRedditTableViewCell.swift in Sources */,
				CA2248A91AE4D84B00B62610 /* WebViewController.swift in Sources */,
				CA22487E1AE4D7B700B62610 /* AppDelegate.swift in Sources */,
				CA2248AA1AE4D84B00B62610 /* RedditTableViewController.swift in Sources */,
				CA2248AB1AE4D84B00B62610 /* SettingsTableViewController.swift in Sources */,
			);
			runOnlyForDeploymentPostprocessing = 0;
		};
		CA2248891AE4D7B700B62610 /* Sources */ = {
			isa = PBXSourcesBuildPhase;
			buildActionMask = 2147483647;
			files = (
				CA2248941AE4D7B700B62610 /* RedditInboxTests.swift in Sources */,
			);
			runOnlyForDeploymentPostprocessing = 0;
		};
/* End PBXSourcesBuildPhase section */

/* Begin PBXTargetDependency section */
		CA22488F1AE4D7B700B62610 /* PBXTargetDependency */ = {
			isa = PBXTargetDependency;
			target = CA2248771AE4D7B700B62610 /* RedditInbox */;
			targetProxy = CA22488E1AE4D7B700B62610 /* PBXContainerItemProxy */;
		};
/* End PBXTargetDependency section */

/* Begin XCBuildConfiguration section */
		CA2248951AE4D7B700B62610 /* Debug */ = {
			isa = XCBuildConfiguration;
			buildSettings = {
				ALWAYS_SEARCH_USER_PATHS = NO;
				CLANG_CXX_LANGUAGE_STANDARD = "gnu++0x";
				CLANG_CXX_LIBRARY = "libc++";
				CLANG_ENABLE_MODULES = YES;
				CLANG_ENABLE_OBJC_ARC = YES;
				CLANG_WARN_BOOL_CONVERSION = YES;
				CLANG_WARN_CONSTANT_CONVERSION = YES;
				CLANG_WARN_DIRECT_OBJC_ISA_USAGE = YES_ERROR;
				CLANG_WARN_EMPTY_BODY = YES;
				CLANG_WARN_ENUM_CONVERSION = YES;
				CLANG_WARN_INT_CONVERSION = YES;
				CLANG_WARN_OBJC_ROOT_CLASS = YES_ERROR;
				CLANG_WARN_UNREACHABLE_CODE = YES;
				CLANG_WARN__DUPLICATE_METHOD_MATCH = YES;
				"CODE_SIGN_IDENTITY[sdk=iphoneos*]" = "iPhone Developer";
				COPY_PHASE_STRIP = NO;
				ENABLE_STRICT_OBJC_MSGSEND = YES;
				GCC_C_LANGUAGE_STANDARD = gnu99;
				GCC_DYNAMIC_NO_PIC = NO;
				GCC_OPTIMIZATION_LEVEL = 0;
				GCC_PREPROCESSOR_DEFINITIONS = (
					"DEBUG=1",
					"$(inherited)",
				);
				GCC_SYMBOLS_PRIVATE_EXTERN = NO;
				GCC_WARN_64_TO_32_BIT_CONVERSION = YES;
				GCC_WARN_ABOUT_RETURN_TYPE = YES_ERROR;
				GCC_WARN_UNDECLARED_SELECTOR = YES;
				GCC_WARN_UNINITIALIZED_AUTOS = YES_AGGRESSIVE;
				GCC_WARN_UNUSED_FUNCTION = YES;
				GCC_WARN_UNUSED_VARIABLE = YES;
				IPHONEOS_DEPLOYMENT_TARGET = 8.1;
				MTL_ENABLE_DEBUG_INFO = YES;
				ONLY_ACTIVE_ARCH = YES;
				SDKROOT = iphoneos;
				SWIFT_OPTIMIZATION_LEVEL = "-Onone";
			};
			name = Debug;
		};
		CA2248961AE4D7B700B62610 /* Release */ = {
			isa = XCBuildConfiguration;
			buildSettings = {
				ALWAYS_SEARCH_USER_PATHS = NO;
				CLANG_CXX_LANGUAGE_STANDARD = "gnu++0x";
				CLANG_CXX_LIBRARY = "libc++";
				CLANG_ENABLE_MODULES = YES;
				CLANG_ENABLE_OBJC_ARC = YES;
				CLANG_WARN_BOOL_CONVERSION = YES;
				CLANG_WARN_CONSTANT_CONVERSION = YES;
				CLANG_WARN_DIRECT_OBJC_ISA_USAGE = YES_ERROR;
				CLANG_WARN_EMPTY_BODY = YES;
				CLANG_WARN_ENUM_CONVERSION = YES;
				CLANG_WARN_INT_CONVERSION = YES;
				CLANG_WARN_OBJC_ROOT_CLASS = YES_ERROR;
				CLANG_WARN_UNREACHABLE_CODE = YES;
				CLANG_WARN__DUPLICATE_METHOD_MATCH = YES;
				"CODE_SIGN_IDENTITY[sdk=iphoneos*]" = "iPhone Developer";
				COPY_PHASE_STRIP = YES;
				ENABLE_NS_ASSERTIONS = NO;
				ENABLE_STRICT_OBJC_MSGSEND = YES;
				GCC_C_LANGUAGE_STANDARD = gnu99;
				GCC_WARN_64_TO_32_BIT_CONVERSION = YES;
				GCC_WARN_ABOUT_RETURN_TYPE = YES_ERROR;
				GCC_WARN_UNDECLARED_SELECTOR = YES;
				GCC_WARN_UNINITIALIZED_AUTOS = YES_AGGRESSIVE;
				GCC_WARN_UNUSED_FUNCTION = YES;
				GCC_WARN_UNUSED_VARIABLE = YES;
				IPHONEOS_DEPLOYMENT_TARGET = 8.1;
				MTL_ENABLE_DEBUG_INFO = NO;
				SDKROOT = iphoneos;
				VALIDATE_PRODUCT = YES;
			};
			name = Release;
		};
		CA2248981AE4D7B700B62610 /* Debug */ = {
			isa = XCBuildConfiguration;
			baseConfigurationReference = DA23C6F5ABA542E8FACC1CE6 /* Pods.debug.xcconfig */;
			buildSettings = {
				ASSETCATALOG_COMPILER_APPICON_NAME = AppIcon;
				INFOPLIST_FILE = RedditInbox/Info.plist;
				LD_RUNPATH_SEARCH_PATHS = "$(inherited) @executable_path/Frameworks";
				PRODUCT_NAME = "$(TARGET_NAME)";
			};
			name = Debug;
		};
		CA2248991AE4D7B700B62610 /* Release */ = {
			isa = XCBuildConfiguration;
			baseConfigurationReference = DEC6C78C9A7FC2770A8FE546 /* Pods.release.xcconfig */;
			buildSettings = {
				ASSETCATALOG_COMPILER_APPICON_NAME = AppIcon;
				INFOPLIST_FILE = RedditInbox/Info.plist;
				LD_RUNPATH_SEARCH_PATHS = "$(inherited) @executable_path/Frameworks";
				PRODUCT_NAME = "$(TARGET_NAME)";
			};
			name = Release;
		};
		CA22489B1AE4D7B700B62610 /* Debug */ = {
			isa = XCBuildConfiguration;
			buildSettings = {
				BUNDLE_LOADER = "$(TEST_HOST)";
				FRAMEWORK_SEARCH_PATHS = (
					"$(SDKROOT)/Developer/Library/Frameworks",
					"$(inherited)",
				);
				GCC_PREPROCESSOR_DEFINITIONS = (
					"DEBUG=1",
					"$(inherited)",
				);
				INFOPLIST_FILE = RedditInboxTests/Info.plist;
				LD_RUNPATH_SEARCH_PATHS = "$(inherited) @executable_path/Frameworks @loader_path/Frameworks";
				PRODUCT_NAME = "$(TARGET_NAME)";
				TEST_HOST = "$(BUILT_PRODUCTS_DIR)/RedditInbox.app/RedditInbox";
			};
			name = Debug;
		};
		CA22489C1AE4D7B700B62610 /* Release */ = {
			isa = XCBuildConfiguration;
			buildSettings = {
				BUNDLE_LOADER = "$(TEST_HOST)";
				FRAMEWORK_SEARCH_PATHS = (
					"$(SDKROOT)/Developer/Library/Frameworks",
					"$(inherited)",
				);
				INFOPLIST_FILE = RedditInboxTests/Info.plist;
				LD_RUNPATH_SEARCH_PATHS = "$(inherited) @executable_path/Frameworks @loader_path/Frameworks";
				PRODUCT_NAME = "$(TARGET_NAME)";
				TEST_HOST = "$(BUILT_PRODUCTS_DIR)/RedditInbox.app/RedditInbox";
			};
			name = Release;
		};
/* End XCBuildConfiguration section */

/* Begin XCConfigurationList section */
		CA2248731AE4D7B700B62610 /* Build configuration list for PBXProject "RedditInbox" */ = {
			isa = XCConfigurationList;
			buildConfigurations = (
				CA2248951AE4D7B700B62610 /* Debug */,
				CA2248961AE4D7B700B62610 /* Release */,
			);
			defaultConfigurationIsVisible = 0;
			defaultConfigurationName = Release;
		};
		CA2248971AE4D7B700B62610 /* Build configuration list for PBXNativeTarget "RedditInbox" */ = {
			isa = XCConfigurationList;
			buildConfigurations = (
				CA2248981AE4D7B700B62610 /* Debug */,
				CA2248991AE4D7B700B62610 /* Release */,
			);
			defaultConfigurationIsVisible = 0;
			defaultConfigurationName = Release;
		};
		CA22489A1AE4D7B700B62610 /* Build configuration list for PBXNativeTarget "RedditInboxTests" */ = {
			isa = XCConfigurationList;
			buildConfigurations = (
				CA22489B1AE4D7B700B62610 /* Debug */,
				CA22489C1AE4D7B700B62610 /* Release */,
			);
			defaultConfigurationIsVisible = 0;
			defaultConfigurationName = Release;
		};
/* End XCConfigurationList section */
	};
	rootObject = CA2248701AE4D7B700B62610 /* Project object */;
}
